
Microsoft Visual Studio Solution File, Format Version 12.00
# Visual Studio Version 17
VisualStudioVersion = 17.5.33516.290
MinimumVisualStudioVersion = 10.0.40219.1
Project("{FAE04EC0-301F-11D3-BF4B-00C04F79EFBC}") = "kp4", "kp4\kp4.csproj", "{A3B6E427-29AA-4D88-9B63-E71F66D05A62}"
EndProject
Global
	GlobalSection(SolutionConfigurationPlatforms) = preSolution
		Debug|Any CPU = Debug|Any CPU
		Release|Any CPU = Release|Any CPU
	EndGlobalSection
	GlobalSection(ProjectConfigurationPlatforms) = postSolution
		{A3B6E427-29AA-4D88-9B63-E71F66D05A62}.Debug|Any CPU.ActiveCfg = Debug|Any CPU
		{A3B6E427-29AA-4D88-9B63-E71F66D05A62}.Debug|Any CPU.Build.0 = Debug|Any CPU
		{A3B6E427-29AA-4D88-9B63-E71F66D05A62}.Release|Any CPU.ActiveCfg = Release|Any CPU
		{A3B6E427-29AA-4D88-9B63-E71F66D05A62}.Release|Any CPU.Build.0 = Release|Any CPU
	EndGlobalSection
	GlobalSection(SolutionProperties) = preSolution
		HideSolutionNode = FALSE
	EndGlobalSection
	GlobalSection(ExtensibilityGlobals) = postSolution
		SolutionGuid = {596904B0-2CBF-4F46-8A08-9CAC26599855}
	EndGlobalSection
EndGlobal
